
Microsoft Visual Studio Solution File, Format Version 12.00
# Visual Studio Version 17
VisualStudioVersion = 17.6.33815.320
MinimumVisualStudioVersion = 10.0.40219.1
Project("{FAE04EC0-301F-11D3-BF4B-00C04F79EFBC}") = "PasswordPRO", "PasswordPRO\PasswordPRO.csproj", "{969195DF-C9B4-4C9E-98C2-39132AE1B833}"
EndProject
Global
	GlobalSection(SolutionConfigurationPlatforms) = preSolution
		Debug|Any CPU = Debug|Any CPU
		Release|Any CPU = Release|Any CPU
	EndGlobalSection
	GlobalSection(ProjectConfigurationPlatforms) = postSolution
		{969195DF-C9B4-4C9E-98C2-39132AE1B833}.Debug|Any CPU.ActiveCfg = Debug|Any CPU
		{969195DF-C9B4-4C9E-98C2-39132AE1B833}.Debug|Any CPU.Build.0 = Debug|Any CPU
		{969195DF-C9B4-4C9E-98C2-39132AE1B833}.Release|Any CPU.ActiveCfg = Release|Any CPU
		{969195DF-C9B4-4C9E-98C2-39132AE1B833}.Release|Any CPU.Build.0 = Release|Any CPU
	EndGlobalSection
	GlobalSection(SolutionProperties) = preSolution
		HideSolutionNode = FALSE
	EndGlobalSection
	GlobalSection(ExtensibilityGlobals) = postSolution
		SolutionGuid = {39C12DEF-9BDB-429D-8907-9A64C2F77239}
	EndGlobalSection
EndGlobal
